
Microsoft Visual Studio Solution File, Format Version 12.00
# Visual Studio Version 17
VisualStudioVersion = 17.8.34511.84
MinimumVisualStudioVersion = 10.0.40219.1
Project("{FAE04EC0-301F-11D3-BF4B-00C04F79EFBC}") = "TestApp", "TestApp\TestApp.csproj", "{2027B8CA-3F6C-4385-AD01-85217F2F2CCA}"
EndProject
Global
	GlobalSection(SolutionConfigurationPlatforms) = preSolution
		Debug|Any CPU = Debug|Any CPU
		Release|Any CPU = Release|Any CPU
	EndGlobalSection
	GlobalSection(ProjectConfigurationPlatforms) = postSolution
		{2027B8CA-3F6C-4385-AD01-85217F2F2CCA}.Debug|Any CPU.ActiveCfg = Debug|Any CPU
		{2027B8CA-3F6C-4385-AD01-85217F2F2CCA}.Debug|Any CPU.Build.0 = Debug|Any CPU
		{2027B8CA-3F6C-4385-AD01-85217F2F2CCA}.Debug|Any CPU.Deploy.0 = Debug|Any CPU
		{2027B8CA-3F6C-4385-AD01-85217F2F2CCA}.Release|Any CPU.ActiveCfg = Release|Any CPU
		{2027B8CA-3F6C-4385-AD01-85217F2F2CCA}.Release|Any CPU.Build.0 = Release|Any CPU
		{2027B8CA-3F6C-4385-AD01-85217F2F2CCA}.Release|Any CPU.Deploy.0 = Release|Any CPU
	EndGlobalSection
	GlobalSection(SolutionProperties) = preSolution
		HideSolutionNode = FALSE
	EndGlobalSection
	GlobalSection(ExtensibilityGlobals) = postSolution
		SolutionGuid = {375ADC21-9C37-4DAA-A333-6CE045DBC2B7}
	EndGlobalSection
EndGlobal
